github.com/beorn7/perks v1.0.1 h1:vOYUUHZ5w2BZEUWvYzf9bQ3TncWzNuZk5AT0R7tRvPM=
github.com/beorn7/perks v1.0.1/go.mod h1:P2ZZw2g9l7hXj0cCd7Bl7HZHy9bff9jM6wi4w3XC84Y=
github.com/cespare/xxhash/v2 v2.2.0 h1:VGQX0ikeP4BqRrxMltgr6HkWXIjPqQKtBQzMqB+3q3s=
github.com/cespare/xxhash/v2 v2.2.0/go.mod h1:dgjx7VTQ+/yPmR3fe9EuRG0qUrckqhHWdTUUJKMKrPo=
github.com/go-logr/logr v1.4.1 h1:pKfxT7HtEWrXs8RxCHnmH098AIKZYhOSkEknz6l8g1M=
github.com/go-logr/logr v1.4.1/go.mod h1:9T104GzyrTigFIr3wtYkf1OINY9LEuy87H4kDAWNKBY=
github.com/go-logr/stdr v1.2.2 h1:hSWxHoqTgW2S2qGc0LTA16wbVxnQGIgNdY6VJ3RZ+Zw=
github.com/go-logr/stdr v1.2.2/go.mod h1:mMoU9Vh/Qtf6qjsk2cCFfO1J8vq2WAXklzhO7BTo/dQ=
github.com/google/uuid v1.6.0 h1:NIvaJDMOsjHA8n1jAhLSgzrAzy1Hgr+hNrb57e+94F0=
github.com/google/uuid v1.6.0/go.mod h1:TIyPZe4MgqvfeYDBFedMoGGpEw/LqOeaOT+nhxU+yHo=
github.com/gorilla/websocket v1.5.3 h1:saDtZ6Pbx/0u+bgYQ3q96pZgCzfhKXGPqt7kZ72aNNg=
github.com/gorilla/websocket v1.5.3/go.mod h1:6tKe4Zsc17jW5jWP7J2CzwEzzkOEBk1J5vvH49Y5Nos=
github.com/matttproud/golang_protobuf_extensions/v2 v2.0.0 h1:j6Q9qRrk6BME4Ao9cT8sB5CkSuqWLWbGsG7V3LNo9kA=
github.com/matttproud/golang_protobuf_extensions/v2 v2.0.0/go.mod h1:QUU042FbP2Rj2ULhrS5Q7BLcYHzydepjGaWzrh62l0g=
github.com/prometheus/client_golang v1.19.1 h1:mP9lZJ9GOwcdCy5Gy5BzM5ekBYzPDtqlPA8R4QqBEAU=
github.com/prometheus/client_golang v1.19.1/go.mod h1:5RXxK0FXIInhrsVxVuZvTKlYSL3wP5oTSywWbNZYong=
github.com/prometheus/client_model v0.5.0 h1:FVDWIObQuqe/Y5XkWLgZ5r3bVgVU7+EcaPbh6s/zsEY=
github.com/prometheus/client_model v0.5.0/go.mod h1:QoyK+HFZR+uVVqQID6xzq/5g/gY7wR9wAlGXYkYjfoQ=
github.com/prometheus/common v0.48.0 h1:CjqI8LNBv5Z4F6IdYt3pAtGq9zR9PvokVpsa1mCPvHg=
github.com/prometheus/common v0.48.0/go.mod h1:RVnqgwfHM1CGOrrAQ3BU7fC5q1g3RgAxedHl+WJgp0M=
github.com/prometheus/procfs v0.12.0 h1:owBY1Bs5YY2b2z8fE+kL1gRpNqFHNVn9L2J3P3IqGvo=
github.com/prometheus/procfs v0.12.0/go.mod h1:pX0AWoZDCDKJRARlR8vZphFnCwbCMVoROjBkQGiTSws=
go.uber.org/multierr v1.11.0 h1:blXXvKkE9qkh0mFa8jE9jU98lS4wI9Gdc9lDD9CgzZo=
go.uber.org/multierr v1.11.0/go.mod h1:20+QtiLqy0Nd6FdQB9TLXag12DsQkrbs3htMFfDN80Y=
golang.org/x/sys v0.18.0 h1:DBdB3niSjOA/O0blCZBqObTy3GQc6y6kFl7A3fM0UZQ=
golang.org/x/sys v0.18.0/go.mod h1:/VUhepiaJMQUp4+oa/7Zr1D23ma6VTLIYjOOTFZPUcA=
google.golang.org/protobuf v1.33.0 h1:uNO2rsENqHr9P8+9e9Pnj4YOcHlmjsKj1JkYnHGkYJg=
google.golang.org/protobuf v1.33.0/go.mod h1:c6P6GXX6sHbq/GpYpegKEqj6hBs2vzVS2T1lMBX8+Wg=
gopkg.in/check.v1 v0.0.0-20161208181325-20d25e280405/go.mod h1:Co6ibVJAznAaIkqp8huTwloJSTm8jP0OarxWSzYGFoQ=
gopkg.in/yaml.v3 v3.0.1 h1:fxVm/GzAzEWqLHuvctI91KS9hhNmmWOoWu0XTYJS7CA=
gopkg.in/yaml.v3 v3.0.1/go.mod h1:K4uyk7z7BCEPqu6E+C64Yfv1cQ7kz7rIZviUmN+EgEM=
